schema_version: 0.1.0
run_id: 20260722T132719Z
lock_status: EXACT_CANONICAL_FILE_LIST_LOCKED
target_graph_id: DBPEDIA_2016_10_QALD9_NATIVE_ENDPOINT_EQUIVALENT
release: 2016-10
exact_file_count: 114
compressed_total_bytes: 6925795437
canonical_scope_content_sha256: 2dcbc4df0b4af368d797a36525d607dae809317310c8c35d70066c5275c454c7
single_serialization_policy: ttl.bz2_for_core_and_lhd__links_unique_as_published
no_duplicate_payloads: true
unresolved_required_count: 0
ontology_included: false
ontology_decision: NOT_DOCUMENTED_AS_ENDPOINT_COMPONENT
checksum_policy: PUBLISHED_MD5_WHEN_AVAILABLE__POST_DOWNLOAD_SHA256_REQUIRED
acquisition_status: NOT_ACQUIRED
gate: DBPEDIA_2016_10_ENDPOINT_EQUIVALENT_FILE_SCOPE_CLOSED_PARTIAL_PUBLISHED_CHECKSUMS_READY_FOR_HUMAN_ACQUISITION_AUTHORIZATION
